
Microsoft Visual Studio Solution File, Format Version 12.00
# Visual Studio 15
VisualStudioVersion = 15.0.27428.2015
MinimumVisualStudioVersion = 10.0.40219.1
Project("{9A19103F-16F7-4668-BE54-9A1E7A4F7556}") = "Client_Credentials_Flow", "Client_Credentials_Flow\Client_Credentials_Flow.csproj", "{72B86F03-1407-401E-82B8-DAD5A9339CA7}"
EndProject
Project("{FAE04EC0-301F-11D3-BF4B-00C04F79EFBC}") = "API", "API\API.csproj", "{96EB4062-55CB-4030-B2E6-7A1ED52B992B}"
EndProject
Project("{FAE04EC0-301F-11D3-BF4B-00C04F79EFBC}") = "Client", "Client\Client.csproj", "{49B72EB5-820C-4E18-914A-5E863433DB3F}"
EndProject
Global
	GlobalSection(SolutionConfigurationPlatforms) = preSolution
		Debug|Any CPU = Debug|Any CPU
		Release|Any CPU = Release|Any CPU
	EndGlobalSection
	GlobalSection(ProjectConfigurationPlatforms) = postSolution
		{72B86F03-1407-401E-82B8-DAD5A9339CA7}.Debug|Any CPU.ActiveCfg = Debug|Any CPU
		{72B86F03-1407-401E-82B8-DAD5A9339CA7}.Debug|Any CPU.Build.0 = Debug|Any CPU
		{72B86F03-1407-401E-82B8-DAD5A9339CA7}.Release|Any CPU.ActiveCfg = Release|Any CPU
		{72B86F03-1407-401E-82B8-DAD5A9339CA7}.Release|Any CPU.Build.0 = Release|Any CPU
		{96EB4062-55CB-4030-B2E6-7A1ED52B992B}.Debug|Any CPU.ActiveCfg = Debug|Any CPU
		{96EB4062-55CB-4030-B2E6-7A1ED52B992B}.Debug|Any CPU.Build.0 = Debug|Any CPU
		{96EB4062-55CB-4030-B2E6-7A1ED52B992B}.Release|Any CPU.ActiveCfg = Release|Any CPU
		{96EB4062-55CB-4030-B2E6-7A1ED52B992B}.Release|Any CPU.Build.0 = Release|Any CPU
		{49B72EB5-820C-4E18-914A-5E863433DB3F}.Debug|Any CPU.ActiveCfg = Debug|Any CPU
		{49B72EB5-820C-4E18-914A-5E863433DB3F}.Debug|Any CPU.Build.0 = Debug|Any CPU
		{49B72EB5-820C-4E18-914A-5E863433DB3F}.Release|Any CPU.ActiveCfg = Release|Any CPU
		{49B72EB5-820C-4E18-914A-5E863433DB3F}.Release|Any CPU.Build.0 = Release|Any CPU
	EndGlobalSection
	GlobalSection(SolutionProperties) = preSolution
		HideSolutionNode = FALSE
	EndGlobalSection
	GlobalSection(ExtensibilityGlobals) = postSolution
		SolutionGuid = {059CCB32-4104-4ED4-AC74-21BE687D669E}
	EndGlobalSection
EndGlobal
